// !$*UTF8*$!
{
	archiveVersion = 1;
	classes = {
	};
	objectVersion = 56;
	objects = {

/* Begin PBXBuildFile section */
		7B0EF8292C0784DF0078E0F9 /* aviatestApp.swift in Sources */ = {isa = PBXBuildFile; fileRef = 7B0EF8282C0784DF0078E0F9 /* aviatestApp.swift */; };
		7B0EF82B2C0784DF0078E0F9 /* ContentView.swift in Sources */ = {isa = PBXBuildFile; fileRef = 7B0EF82A2C0784DF0078E0F9 /* ContentView.swift */; };
		7B0EF82D2C0784E50078E0F9 /* Assets.xcassets in Resources */ = {isa = PBXBuildFile; fileRef = 7B0EF82C2C0784E50078E0F9 /* Assets.xcassets */; };
		7B0EF8302C0784E50078E0F9 /* Preview Assets.xcassets in Resources */ = {isa = PBXBuildFile; fileRef = 7B0EF82F2C0784E50078E0F9 /* Preview Assets.xcassets */; };
		7B27FF062C0D7FC300C97CD8 /* TicketSelectView.swift in Sources */ = {isa = PBXBuildFile; fileRef = 7B27FF052C0D7FC300C97CD8 /* TicketSelectView.swift */; };
		7B27FF082C0D8CD700C97CD8 /* TicketSelectViewModel.swift in Sources */ = {isa = PBXBuildFile; fileRef = 7B27FF072C0D8CD700C97CD8 /* TicketSelectViewModel.swift */; };
		7B27FF0A2C0D8CE700C97CD8 /* TicketSelectModel.swift in Sources */ = {isa = PBXBuildFile; fileRef = 7B27FF092C0D8CE700C97CD8 /* TicketSelectModel.swift */; };
		7B27FF0C2C0D90E200C97CD8 /* TicketCellView.swift in Sources */ = {isa = PBXBuildFile; fileRef = 7B27FF0B2C0D90E200C97CD8 /* TicketCellView.swift */; };
		7B95F0242C097C4000493619 /* TicketsViewModel.swift in Sources */ = {isa = PBXBuildFile; fileRef = 7B95F0232C097C4000493619 /* TicketsViewModel.swift */; };
		7B95F0262C09919900493619 /* TicketsModel.swift in Sources */ = {isa = PBXBuildFile; fileRef = 7B95F0252C09919900493619 /* TicketsModel.swift */; };
		7B95F02A2C0998EC00493619 /* MusicOfferCellView.swift in Sources */ = {isa = PBXBuildFile; fileRef = 7B95F0292C0998EC00493619 /* MusicOfferCellView.swift */; };
		7B95F02C2C09AF2600493619 /* TicketsView.swift in Sources */ = {isa = PBXBuildFile; fileRef = 7B95F02B2C09AF2600493619 /* TicketsView.swift */; };
		7B95F02E2C09AF9F00493619 /* KorocheView.swift in Sources */ = {isa = PBXBuildFile; fileRef = 7B95F02D2C09AF9F00493619 /* KorocheView.swift */; };
		7B95F0302C09AFE400493619 /* HotelsView.swift in Sources */ = {isa = PBXBuildFile; fileRef = 7B95F02F2C09AFE400493619 /* HotelsView.swift */; };
		7B95F0322C09B00E00493619 /* SubscribesView.swift in Sources */ = {isa = PBXBuildFile; fileRef = 7B95F0312C09B00E00493619 /* SubscribesView.swift */; };
		7B95F0342C09B04200493619 /* CustomProfileView.swift in Sources */ = {isa = PBXBuildFile; fileRef = 7B95F0332C09B04200493619 /* CustomProfileView.swift */; };
		7BC9262B2C0CACD200F6D390 /* PreSelectionOfTicketsView.swift in Sources */ = {isa = PBXBuildFile; fileRef = 7BC9262A2C0CACD200F6D390 /* PreSelectionOfTicketsView.swift */; };
		7BC9262F2C0D3BB700F6D390 /* PreSelectionOfTicketsViewModel.swift in Sources */ = {isa = PBXBuildFile; fileRef = 7BC9262E2C0D3BB700F6D390 /* PreSelectionOfTicketsViewModel.swift */; };
		7BC926312C0D482D00F6D390 /* PreSelectionOfTicketsModel.swift in Sources */ = {isa = PBXBuildFile; fileRef = 7BC926302C0D482D00F6D390 /* PreSelectionOfTicketsModel.swift */; };
		7BC926332C0D4D4400F6D390 /* DirectTicketCellView.swift in Sources */ = {isa = PBXBuildFile; fileRef = 7BC926322C0D4D4400F6D390 /* DirectTicketCellView.swift */; };
		7BDE76312C0A45F00016106D /* DestinationSelectionView.swift in Sources */ = {isa = PBXBuildFile; fileRef = 7BDE76302C0A45F00016106D /* DestinationSelectionView.swift */; };
/* End PBXBuildFile section */

/* Begin PBXFileReference section */
		7B0EF8252C0784DF0078E0F9 /* aviatest.app */ = {isa = PBXFileReference; explicitFileType = wrapper.application; includeInIndex = 0; path = aviatest.app; sourceTree = BUILT_PRODUCTS_DIR; };
		7B0EF8282C0784DF0078E0F9 /* aviatestApp.swift */ = {isa = PBXFileReference; lastKnownFileType = sourcecode.swift; path = aviatestApp.swift; sourceTree = "<group>"; };
		7B0EF82A2C0784DF0078E0F9 /* ContentView.swift */ = {isa = PBXFileReference; lastKnownFileType = sourcecode.swift; path = ContentView.swift; sourceTree = "<group>"; };
		7B0EF82C2C0784E50078E0F9 /* Assets.xcassets */ = {isa = PBXFileReference; lastKnownFileType = folder.assetcatalog; path = Assets.xcassets; sourceTree = "<group>"; };
		7B0EF82F2C0784E50078E0F9 /* Preview Assets.xcassets */ = {isa = PBXFileReference; lastKnownFileType = folder.assetcatalog; path = "Preview Assets.xcassets"; sourceTree = "<group>"; };
		7B27FF052C0D7FC300C97CD8 /* TicketSelectView.swift */ = {isa = PBXFileReference; lastKnownFileType = sourcecode.swift; path = TicketSelectView.swift; sourceTree = "<group>"; };
		7B27FF072C0D8CD700C97CD8 /* TicketSelectViewModel.swift */ = {isa = PBXFileReference; lastKnownFileType = sourcecode.swift; path = TicketSelectViewModel.swift; sourceTree = "<group>"; };
		7B27FF092C0D8CE700C97CD8 /* TicketSelectModel.swift */ = {isa = PBXFileReference; lastKnownFileType = sourcecode.swift; path = TicketSelectModel.swift; sourceTree = "<group>"; };
		7B27FF0B2C0D90E200C97CD8 /* TicketCellView.swift */ = {isa = PBXFileReference; lastKnownFileType = sourcecode.swift; path = TicketCellView.swift; sourceTree = "<group>"; };
		7B95F0232C097C4000493619 /* TicketsViewModel.swift */ = {isa = PBXFileReference; lastKnownFileType = sourcecode.swift; path = TicketsViewModel.swift; sourceTree = "<group>"; };
		7B95F0252C09919900493619 /* TicketsModel.swift */ = {isa = PBXFileReference; lastKnownFileType = sourcecode.swift; path = TicketsModel.swift; sourceTree = "<group>"; };
		7B95F0292C0998EC00493619 /* MusicOfferCellView.swift */ = {isa = PBXFileReference; lastKnownFileType = sourcecode.swift; path = MusicOfferCellView.swift; sourceTree = "<group>"; };
		7B95F02B2C09AF2600493619 /* TicketsView.swift */ = {isa = PBXFileReference; lastKnownFileType = sourcecode.swift; path = TicketsView.swift; sourceTree = "<group>"; };
		7B95F02D2C09AF9F00493619 /* KorocheView.swift */ = {isa = PBXFileReference; lastKnownFileType = sourcecode.swift; path = KorocheView.swift; sourceTree = "<group>"; };
		7B95F02F2C09AFE400493619 /* HotelsView.swift */ = {isa = PBXFileReference; lastKnownFileType = sourcecode.swift; path = HotelsView.swift; sourceTree = "<group>"; };
		7B95F0312C09B00E00493619 /* SubscribesView.swift */ = {isa = PBXFileReference; lastKnownFileType = sourcecode.swift; path = SubscribesView.swift; sourceTree = "<group>"; };
		7B95F0332C09B04200493619 /* CustomProfileView.swift */ = {isa = PBXFileReference; lastKnownFileType = sourcecode.swift; path = CustomProfileView.swift; sourceTree = "<group>"; };
		7BC9262A2C0CACD200F6D390 /* PreSelectionOfTicketsView.swift */ = {isa = PBXFileReference; lastKnownFileType = sourcecode.swift; path = PreSelectionOfTicketsView.swift; sourceTree = "<group>"; };
		7BC9262E2C0D3BB700F6D390 /* PreSelectionOfTicketsViewModel.swift */ = {isa = PBXFileReference; lastKnownFileType = sourcecode.swift; path = PreSelectionOfTicketsViewModel.swift; sourceTree = "<group>"; };
		7BC926302C0D482D00F6D390 /* PreSelectionOfTicketsModel.swift */ = {isa = PBXFileReference; lastKnownFileType = sourcecode.swift; path = PreSelectionOfTicketsModel.swift; sourceTree = "<group>"; };
		7BC926322C0D4D4400F6D390 /* DirectTicketCellView.swift */ = {isa = PBXFileReference; lastKnownFileType = sourcecode.swift; path = DirectTicketCellView.swift; sourceTree = "<group>"; };
		7BDE76302C0A45F00016106D /* DestinationSelectionView.swift */ = {isa = PBXFileReference; lastKnownFileType = sourcecode.swift; path = DestinationSelectionView.swift; sourceTree = "<group>"; };
/* End PBXFileReference section */

/* Begin PBXFrameworksBuildPhase section */
		7B0EF8222C0784DF0078E0F9 /* Frameworks */ = {
			isa = PBXFrameworksBuildPhase;
			buildActionMask = 2147483647;
			files = (
			);
			runOnlyForDeploymentPostprocessing = 0;
		};
/* End PBXFrameworksBuildPhase section */

/* Begin PBXGroup section */
		7B0EF81C2C0784DE0078E0F9 = {
			isa = PBXGroup;
			children = (
				7B0EF8272C0784DF0078E0F9 /* aviatest */,
				7B0EF8262C0784DF0078E0F9 /* Products */,
			);
			sourceTree = "<group>";
		};
		7B0EF8262C0784DF0078E0F9 /* Products */ = {
			isa = PBXGroup;
			children = (
				7B0EF8252C0784DF0078E0F9 /* aviatest.app */,
			);
			name = Products;
			sourceTree = "<group>";
		};
		7B0EF8272C0784DF0078E0F9 /* aviatest */ = {
			isa = PBXGroup;
			children = (
				7B0EF8282C0784DF0078E0F9 /* aviatestApp.swift */,
				7B0EF82A2C0784DF0078E0F9 /* ContentView.swift */,
				7B27FF0D2C0DB64B00C97CD8 /* Tickets */,
				7B0EF82C2C0784E50078E0F9 /* Assets.xcassets */,
				7B95F02F2C09AFE400493619 /* HotelsView.swift */,
				7B95F02D2C09AF9F00493619 /* KorocheView.swift */,
				7B95F0312C09B00E00493619 /* SubscribesView.swift */,
				7B95F0332C09B04200493619 /* CustomProfileView.swift */,
				7B0EF82E2C0784E50078E0F9 /* Preview Content */,
			);
			path = aviatest;
			sourceTree = "<group>";
		};
		7B0EF82E2C0784E50078E0F9 /* Preview Content */ = {
			isa = PBXGroup;
			children = (
				7B0EF82F2C0784E50078E0F9 /* Preview Assets.xcassets */,
			);
			path = "Preview Content";
			sourceTree = "<group>";
		};
		7B27FF0D2C0DB64B00C97CD8 /* Tickets */ = {
			isa = PBXGroup;
			children = (
				7B95F02B2C09AF2600493619 /* TicketsView.swift */,
				7B95F0232C097C4000493619 /* TicketsViewModel.swift */,
				7B95F0252C09919900493619 /* TicketsModel.swift */,
				7B95F0292C0998EC00493619 /* MusicOfferCellView.swift */,
				7BDE76302C0A45F00016106D /* DestinationSelectionView.swift */,
				7B27FF0F2C0DB6BA00C97CD8 /* PreSelectionOfTickets */,
				7B27FF102C0DB6D600C97CD8 /* TicketSelect */,
			);
			path = Tickets;
			sourceTree = "<group>";
		};
		7B27FF0F2C0DB6BA00C97CD8 /* PreSelectionOfTickets */ = {
			isa = PBXGroup;
			children = (
				7BC9262A2C0CACD200F6D390 /* PreSelectionOfTicketsView.swift */,
				7BC9262E2C0D3BB700F6D390 /* PreSelectionOfTicketsViewModel.swift */,
				7BC926302C0D482D00F6D390 /* PreSelectionOfTicketsModel.swift */,
				7BC926322C0D4D4400F6D390 /* DirectTicketCellView.swift */,
			);
			path = PreSelectionOfTickets;
			sourceTree = "<group>";
		};
		7B27FF102C0DB6D600C97CD8 /* TicketSelect */ = {
			isa = PBXGroup;
			children = (
				7B27FF052C0D7FC300C97CD8 /* TicketSelectView.swift */,
				7B27FF072C0D8CD700C97CD8 /* TicketSelectViewModel.swift */,
				7B27FF092C0D8CE700C97CD8 /* TicketSelectModel.swift */,
				7B27FF0B2C0D90E200C97CD8 /* TicketCellView.swift */,
			);
			path = TicketSelect;
			sourceTree = "<group>";
		};
/* End PBXGroup section */

/* Begin PBXNativeTarget section */
		7B0EF8242C0784DF0078E0F9 /* aviatest */ = {
			isa = PBXNativeTarget;
			buildConfigurationList = 7B0EF8332C0784E50078E0F9 /* Build configuration list for PBXNativeTarget "aviatest" */;
			buildPhases = (
				7B0EF8212C0784DF0078E0F9 /* Sources */,
				7B0EF8222C0784DF0078E0F9 /* Frameworks */,
				7B0EF8232C0784DF0078E0F9 /* Resources */,
			);
			buildRules = (
			);
			dependencies = (
			);
			name = aviatest;
			productName = aviatest;
			productReference = 7B0EF8252C0784DF0078E0F9 /* aviatest.app */;
			productType = "com.apple.product-type.application";
		};
/* End PBXNativeTarget section */

/* Begin PBXProject section */
		7B0EF81D2C0784DE0078E0F9 /* Project object */ = {
			isa = PBXProject;
			attributes = {
				BuildIndependentTargetsInParallel = 1;
				LastSwiftUpdateCheck = 1420;
				LastUpgradeCheck = 1420;
				TargetAttributes = {
					7B0EF8242C0784DF0078E0F9 = {
						CreatedOnToolsVersion = 14.2;
					};
				};
			};
			buildConfigurationList = 7B0EF8202C0784DE0078E0F9 /* Build configuration list for PBXProject "aviatest" */;
			compatibilityVersion = "Xcode 14.0";
			developmentRegion = en;
			hasScannedForEncodings = 0;
			knownRegions = (
				en,
				Base,
			);
			mainGroup = 7B0EF81C2C0784DE0078E0F9;
			productRefGroup = 7B0EF8262C0784DF0078E0F9 /* Products */;
			projectDirPath = "";
			projectRoot = "";
			targets = (
				7B0EF8242C0784DF0078E0F9 /* aviatest */,
			);
		};
/* End PBXProject section */

/* Begin PBXResourcesBuildPhase section */
		7B0EF8232C0784DF0078E0F9 /* Resources */ = {
			isa = PBXResourcesBuildPhase;
			buildActionMask = 2147483647;
			files = (
				7B0EF8302C0784E50078E0F9 /* Preview Assets.xcassets in Resources */,
				7B0EF82D2C0784E50078E0F9 /* Assets.xcassets in Resources */,
			);
			runOnlyForDeploymentPostprocessing = 0;
		};
/* End PBXResourcesBuildPhase section */

/* Begin PBXSourcesBuildPhase section */
		7B0EF8212C0784DF0078E0F9 /* Sources */ = {
			isa = PBXSourcesBuildPhase;
			buildActionMask = 2147483647;
			files = (
				7B27FF062C0D7FC300C97CD8 /* TicketSelectView.swift in Sources */,
				7B95F02C2C09AF2600493619 /* TicketsView.swift in Sources */,
				7B95F0342C09B04200493619 /* CustomProfileView.swift in Sources */,
				7BC9262B2C0CACD200F6D390 /* PreSelectionOfTicketsView.swift in Sources */,
				7B95F02A2C0998EC00493619 /* MusicOfferCellView.swift in Sources */,
				7BC926312C0D482D00F6D390 /* PreSelectionOfTicketsModel.swift in Sources */,
				7B27FF0C2C0D90E200C97CD8 /* TicketCellView.swift in Sources */,
				7B95F0322C09B00E00493619 /* SubscribesView.swift in Sources */,
				7BC926332C0D4D4400F6D390 /* DirectTicketCellView.swift in Sources */,
				7BDE76312C0A45F00016106D /* DestinationSelectionView.swift in Sources */,
				7B95F0242C097C4000493619 /* TicketsViewModel.swift in Sources */,
				7BC9262F2C0D3BB700F6D390 /* PreSelectionOfTicketsViewModel.swift in Sources */,
				7B95F0262C09919900493619 /* TicketsModel.swift in Sources */,
				7B0EF82B2C0784DF0078E0F9 /* ContentView.swift in Sources */,
				7B27FF0A2C0D8CE700C97CD8 /* TicketSelectModel.swift in Sources */,
				7B95F0302C09AFE400493619 /* HotelsView.swift in Sources */,
				7B0EF8292C0784DF0078E0F9 /* aviatestApp.swift in Sources */,
				7B27FF082C0D8CD700C97CD8 /* TicketSelectViewModel.swift in Sources */,
				7B95F02E2C09AF9F00493619 /* KorocheView.swift in Sources */,
			);
			runOnlyForDeploymentPostprocessing = 0;
		};
/* End PBXSourcesBuildPhase section */

/* Begin XCBuildConfiguration section */
		7B0EF8312C0784E50078E0F9 /* Debug */ = {
			isa = XCBuildConfiguration;
			buildSettings = {
				ALWAYS_SEARCH_USER_PATHS = NO;
				CLANG_ANALYZER_NONNULL = YES;
				CLANG_ANALYZER_NUMBER_OBJECT_CONVERSION = YES_AGGRESSIVE;
				CLANG_CXX_LANGUAGE_STANDARD = "gnu++20";
				CLANG_ENABLE_MODULES = YES;
				CLANG_ENABLE_OBJC_ARC = YES;
				CLANG_ENABLE_OBJC_WEAK = YES;
				CLANG_WARN_BLOCK_CAPTURE_AUTORELEASING = YES;
				CLANG_WARN_BOOL_CONVERSION = YES;
				CLANG_WARN_COMMA = YES;
				CLANG_WARN_CONSTANT_CONVERSION = YES;
				CLANG_WARN_DEPRECATED_OBJC_IMPLEMENTATIONS = YES;
				CLANG_WARN_DIRECT_OBJC_ISA_USAGE = YES_ERROR;
				CLANG_WARN_DOCUMENTATION_COMMENTS = YES;
				CLANG_WARN_EMPTY_BODY = YES;
				CLANG_WARN_ENUM_CONVERSION = YES;
				CLANG_WARN_INFINITE_RECURSION = YES;
				CLANG_WARN_INT_CONVERSION = YES;
				CLANG_WARN_NON_LITERAL_NULL_CONVERSION = YES;
				CLANG_WARN_OBJC_IMPLICIT_RETAIN_SELF = YES;
				CLANG_WARN_OBJC_LITERAL_CONVERSION = YES;
				CLANG_WARN_OBJC_ROOT_CLASS = YES_ERROR;
				CLANG_WARN_QUOTED_INCLUDE_IN_FRAMEWORK_HEADER = YES;
				CLANG_WARN_RANGE_LOOP_ANALYSIS = YES;
				CLANG_WARN_STRICT_PROTOTYPES = YES;
				CLANG_WARN_SUSPICIOUS_MOVE = YES;
				CLANG_WARN_UNGUARDED_AVAILABILITY = YES_AGGRESSIVE;
				CLANG_WARN_UNREACHABLE_CODE = YES;
				CLANG_WARN__DUPLICATE_METHOD_MATCH = YES;
				COPY_PHASE_STRIP = NO;
				DEBUG_INFORMATION_FORMAT = dwarf;
				ENABLE_STRICT_OBJC_MSGSEND = YES;
				ENABLE_TESTABILITY = YES;
				GCC_C_LANGUAGE_STANDARD = gnu11;
				GCC_DYNAMIC_NO_PIC = NO;
				GCC_NO_COMMON_BLOCKS = YES;
				GCC_OPTIMIZATION_LEVEL = 0;
				GCC_PREPROCESSOR_DEFINITIONS = (
					"DEBUG=1",
					"$(inherited)",
				);
				GCC_WARN_64_TO_32_BIT_CONVERSION = YES;
				GCC_WARN_ABOUT_RETURN_TYPE = YES_ERROR;
				GCC_WARN_UNDECLARED_SELECTOR = YES;
				GCC_WARN_UNINITIALIZED_AUTOS = YES_AGGRESSIVE;
				GCC_WARN_UNUSED_FUNCTION = YES;
				GCC_WARN_UNUSED_VARIABLE = YES;
				IPHONEOS_DEPLOYMENT_TARGET = 16.2;
				MTL_ENABLE_DEBUG_INFO = INCLUDE_SOURCE;
				MTL_FAST_MATH = YES;
				ONLY_ACTIVE_ARCH = YES;
				SDKROOT = iphoneos;
				SWIFT_ACTIVE_COMPILATION_CONDITIONS = DEBUG;
				SWIFT_OPTIMIZATION_LEVEL = "-Onone";
			};
			name = Debug;
		};
		7B0EF8322C0784E50078E0F9 /* Release */ = {
			isa = XCBuildConfiguration;
			buildSettings = {
				ALWAYS_SEARCH_USER_PATHS = NO;
				CLANG_ANALYZER_NONNULL = YES;
				CLANG_ANALYZER_NUMBER_OBJECT_CONVERSION = YES_AGGRESSIVE;
				CLANG_CXX_LANGUAGE_STANDARD = "gnu++20";
				CLANG_ENABLE_MODULES = YES;
				CLANG_ENABLE_OBJC_ARC = YES;
				CLANG_ENABLE_OBJC_WEAK = YES;
				CLANG_WARN_BLOCK_CAPTURE_AUTORELEASING = YES;
				CLANG_WARN_BOOL_CONVERSION = YES;
				CLANG_WARN_COMMA = YES;
				CLANG_WARN_CONSTANT_CONVERSION = YES;
				CLANG_WARN_DEPRECATED_OBJC_IMPLEMENTATIONS = YES;
				CLANG_WARN_DIRECT_OBJC_ISA_USAGE = YES_ERROR;
				CLANG_WARN_DOCUMENTATION_COMMENTS = YES;
				CLANG_WARN_EMPTY_BODY = YES;
				CLANG_WARN_ENUM_CONVERSION = YES;
				CLANG_WARN_INFINITE_RECURSION = YES;
				CLANG_WARN_INT_CONVERSION = YES;
				CLANG_WARN_NON_LITERAL_NULL_CONVERSION = YES;
				CLANG_WARN_OBJC_IMPLICIT_RETAIN_SELF = YES;
				CLANG_WARN_OBJC_LITERAL_CONVERSION = YES;
				CLANG_WARN_OBJC_ROOT_CLASS = YES_ERROR;
				CLANG_WARN_QUOTED_INCLUDE_IN_FRAMEWORK_HEADER = YES;
				CLANG_WARN_RANGE_LOOP_ANALYSIS = YES;
				CLANG_WARN_STRICT_PROTOTYPES = YES;
				CLANG_WARN_SUSPICIOUS_MOVE = YES;
				CLANG_WARN_UNGUARDED_AVAILABILITY = YES_AGGRESSIVE;
				CLANG_WARN_UNREACHABLE_CODE = YES;
				CLANG_WARN__DUPLICATE_METHOD_MATCH = YES;
				COPY_PHASE_STRIP = NO;
				DEBUG_INFORMATION_FORMAT = "dwarf-with-dsym";
				ENABLE_NS_ASSERTIONS = NO;
				ENABLE_STRICT_OBJC_MSGSEND = YES;
				GCC_C_LANGUAGE_STANDARD = gnu11;
				GCC_NO_COMMON_BLOCKS = YES;
				GCC_WARN_64_TO_32_BIT_CONVERSION = YES;
				GCC_WARN_ABOUT_RETURN_TYPE = YES_ERROR;
				GCC_WARN_UNDECLARED_SELECTOR = YES;
				GCC_WARN_UNINITIALIZED_AUTOS = YES_AGGRESSIVE;
				GCC_WARN_UNUSED_FUNCTION = YES;
				GCC_WARN_UNUSED_VARIABLE = YES;
				IPHONEOS_DEPLOYMENT_TARGET = 16.2;
				MTL_ENABLE_DEBUG_INFO = NO;
				MTL_FAST_MATH = YES;
				SDKROOT = iphoneos;
				SWIFT_COMPILATION_MODE = wholemodule;
				SWIFT_OPTIMIZATION_LEVEL = "-O";
				VALIDATE_PRODUCT = YES;
			};
			name = Release;
		};
		7B0EF8342C0784E50078E0F9 /* Debug */ = {
			isa = XCBuildConfiguration;
			buildSettings = {
				ASSETCATALOG_COMPILER_APPICON_NAME = AppIcon;
				ASSETCATALOG_COMPILER_GLOBAL_ACCENT_COLOR_NAME = AccentColor;
				CODE_SIGN_STYLE = Automatic;
				CURRENT_PROJECT_VERSION = 1;
				DEVELOPMENT_ASSET_PATHS = "\"aviatest/Preview Content\"";
				DEVELOPMENT_TEAM = W89H83NZTM;
				ENABLE_PREVIEWS = YES;
				GENERATE_INFOPLIST_FILE = YES;
				INFOPLIST_KEY_UIApplicationSceneManifest_Generation = YES;
				INFOPLIST_KEY_UIApplicationSupportsIndirectInputEvents = YES;
				INFOPLIST_KEY_UILaunchScreen_Generation = YES;
				INFOPLIST_KEY_UIStatusBarStyle = UIStatusBarStyleDarkContent;
				INFOPLIST_KEY_UISupportedInterfaceOrientations = UIInterfaceOrientationPortrait;
				INFOPLIST_KEY_UISupportedInterfaceOrientations_iPad = "UIInterfaceOrientationLandscapeLeft UIInterfaceOrientationLandscapeRight UIInterfaceOrientationPortrait UIInterfaceOrientationPortraitUpsideDown";
				IPHONEOS_DEPLOYMENT_TARGET = 15.6;
				LD_RUNPATH_SEARCH_PATHS = (
					"$(inherited)",
					"@executable_path/Frameworks",
				);
				MARKETING_VERSION = 1.0;
				PRODUCT_BUNDLE_IDENTIFIER = FS.aviatest;
				PRODUCT_NAME = "$(TARGET_NAME)";
				SWIFT_EMIT_LOC_STRINGS = YES;
				SWIFT_VERSION = 5.0;
				TARGETED_DEVICE_FAMILY = "1,2";
			};
			name = Debug;
		};
		7B0EF8352C0784E50078E0F9 /* Release */ = {
			isa = XCBuildConfiguration;
			buildSettings = {
				ASSETCATALOG_COMPILER_APPICON_NAME = AppIcon;
				ASSETCATALOG_COMPILER_GLOBAL_ACCENT_COLOR_NAME = AccentColor;
				CODE_SIGN_STYLE = Automatic;
				CURRENT_PROJECT_VERSION = 1;
				DEVELOPMENT_ASSET_PATHS = "\"aviatest/Preview Content\"";
				DEVELOPMENT_TEAM = W89H83NZTM;
				ENABLE_PREVIEWS = YES;
				GENERATE_INFOPLIST_FILE = YES;
				INFOPLIST_KEY_UIApplicationSceneManifest_Generation = YES;
				INFOPLIST_KEY_UIApplicationSupportsIndirectInputEvents = YES;
				INFOPLIST_KEY_UILaunchScreen_Generation = YES;
				INFOPLIST_KEY_UIStatusBarStyle = UIStatusBarStyleDarkContent;
				INFOPLIST_KEY_UISupportedInterfaceOrientations = UIInterfaceOrientationPortrait;
				INFOPLIST_KEY_UISupportedInterfaceOrientations_iPad = "UIInterfaceOrientationLandscapeLeft UIInterfaceOrientationLandscapeRight UIInterfaceOrientationPortrait UIInterfaceOrientationPortraitUpsideDown";
				IPHONEOS_DEPLOYMENT_TARGET = 15.6;
				LD_RUNPATH_SEARCH_PATHS = (
					"$(inherited)",
					"@executable_path/Frameworks",
				);
				MARKETING_VERSION = 1.0;
				PRODUCT_BUNDLE_IDENTIFIER = FS.aviatest;
				PRODUCT_NAME = "$(TARGET_NAME)";
				SWIFT_EMIT_LOC_STRINGS = YES;
				SWIFT_VERSION = 5.0;
				TARGETED_DEVICE_FAMILY = "1,2";
			};
			name = Release;
		};
/* End XCBuildConfiguration section */

/* Begin XCConfigurationList section */
		7B0EF8202C0784DE0078E0F9 /* Build configuration list for PBXProject "aviatest" */ = {
			isa = XCConfigurationList;
			buildConfigurations = (
				7B0EF8312C0784E50078E0F9 /* Debug */,
				7B0EF8322C0784E50078E0F9 /* Release */,
			);
			defaultConfigurationIsVisible = 0;
			defaultConfigurationName = Release;
		};
		7B0EF8332C0784E50078E0F9 /* Build configuration list for PBXNativeTarget "aviatest" */ = {
			isa = XCConfigurationList;
			buildConfigurations = (
				7B0EF8342C0784E50078E0F9 /* Debug */,
				7B0EF8352C0784E50078E0F9 /* Release */,
			);
			defaultConfigurationIsVisible = 0;
			defaultConfigurationName = Release;
		};
/* End XCConfigurationList section */
	};
	rootObject = 7B0EF81D2C0784DE0078E0F9 /* Project object */;
}
